
Microsoft Visual Studio Solution File, Format Version 12.00
# Visual Studio Version 17
VisualStudioVersion = 17.8.34322.80
MinimumVisualStudioVersion = 10.0.40219.1
Project("{9A19103F-16F7-4668-BE54-9A1E7A4F7556}") = "WeatherService.Before", "WeatherService.Before\WeatherService.Before.csproj", "{DDE25B78-79DA-478E-BC66-709B8DB67A41}"
EndProject
Project("{9A19103F-16F7-4668-BE54-9A1E7A4F7556}") = "WeatherService.After", "WeatherService.After\WeatherService.After.csproj", "{C526D312-4037-4C3F-AEE6-0DD32668216B}"
EndProject
Global
	GlobalSection(SolutionConfigurationPlatforms) = preSolution
		Debug|Any CPU = Debug|Any CPU
		Release|Any CPU = Release|Any CPU
	EndGlobalSection
	GlobalSection(ProjectConfigurationPlatforms) = postSolution
		{DDE25B78-79DA-478E-BC66-709B8DB67A41}.Debug|Any CPU.ActiveCfg = Debug|Any CPU
		{DDE25B78-79DA-478E-BC66-709B8DB67A41}.Debug|Any CPU.Build.0 = Debug|Any CPU
		{DDE25B78-79DA-478E-BC66-709B8DB67A41}.Release|Any CPU.ActiveCfg = Release|Any CPU
		{DDE25B78-79DA-478E-BC66-709B8DB67A41}.Release|Any CPU.Build.0 = Release|Any CPU
		{C526D312-4037-4C3F-AEE6-0DD32668216B}.Debug|Any CPU.ActiveCfg = Debug|Any CPU
		{C526D312-4037-4C3F-AEE6-0DD32668216B}.Debug|Any CPU.Build.0 = Debug|Any CPU
		{C526D312-4037-4C3F-AEE6-0DD32668216B}.Release|Any CPU.ActiveCfg = Release|Any CPU
		{C526D312-4037-4C3F-AEE6-0DD32668216B}.Release|Any CPU.Build.0 = Release|Any CPU
	EndGlobalSection
	GlobalSection(SolutionProperties) = preSolution
		HideSolutionNode = FALSE
	EndGlobalSection
	GlobalSection(ExtensibilityGlobals) = postSolution
		SolutionGuid = {C317643D-4149-4396-8094-CE8CA8276657}
	EndGlobalSection
EndGlobal
